
Microsoft Visual Studio Solution File, Format Version 12.00
# Visual Studio Version 17
VisualStudioVersion = 17.0.32112.339
MinimumVisualStudioVersion = 10.0.40219.1
Project("{FAE04EC0-301F-11D3-BF4B-00C04F79EFBC}") = "MovieAPI", "MovieAPI\MovieAPI.csproj", "{CE841E17-A65C-42D9-93F5-B170F8502D76}"
EndProject
Global
	GlobalSection(SolutionConfigurationPlatforms) = preSolution
		Debug|Any CPU = Debug|Any CPU
		Release|Any CPU = Release|Any CPU
	EndGlobalSection
	GlobalSection(ProjectConfigurationPlatforms) = postSolution
		{CE841E17-A65C-42D9-93F5-B170F8502D76}.Debug|Any CPU.ActiveCfg = Debug|Any CPU
		{CE841E17-A65C-42D9-93F5-B170F8502D76}.Debug|Any CPU.Build.0 = Debug|Any CPU
		{CE841E17-A65C-42D9-93F5-B170F8502D76}.Release|Any CPU.ActiveCfg = Release|Any CPU
		{CE841E17-A65C-42D9-93F5-B170F8502D76}.Release|Any CPU.Build.0 = Release|Any CPU
	EndGlobalSection
	GlobalSection(SolutionProperties) = preSolution
		HideSolutionNode = FALSE
	EndGlobalSection
	GlobalSection(ExtensibilityGlobals) = postSolution
		SolutionGuid = {923FFB27-EC55-4B68-866C-852FB3BA975C}
	EndGlobalSection
EndGlobal
